// !$*UTF8*$!
{
	archiveVersion = 1;
	classes = {
	};
	objectVersion = 56;
	objects = {

/* Begin PBXBuildFile section */
		CB2010BC2B2C27B3004954C1 /* ReminderViewController+Section.swift in Sources */ = {isa = PBXBuildFile; fileRef = CB2010BB2B2C27B3004954C1 /* ReminderViewController+Section.swift */; };
		CB22FD2B2B1DB64E0063735B /* Date+Today.swift in Sources */ = {isa = PBXBuildFile; fileRef = CB22FD2A2B1DB64E0063735B /* Date+Today.swift */; };
		CB22FD2D2B1DB69F0063735B /* UIColor+Today.swift in Sources */ = {isa = PBXBuildFile; fileRef = CB22FD2C2B1DB69F0063735B /* UIColor+Today.swift */; };
		CB36B2DB2B22E8BE00E8B6C7 /* ReminderDoneButton.swift in Sources */ = {isa = PBXBuildFile; fileRef = CB36B2DA2B22E8BE00E8B6C7 /* ReminderDoneButton.swift */; };
		CB36B2DD2B22E99000E8B6C7 /* ReminderListViewController+Actions.swift in Sources */ = {isa = PBXBuildFile; fileRef = CB36B2DC2B22E99000E8B6C7 /* ReminderListViewController+Actions.swift */; };
		CB518B532B324605009F2E66 /* TextFieldContentView.swift in Sources */ = {isa = PBXBuildFile; fileRef = CB518B522B324605009F2E66 /* TextFieldContentView.swift */; };
		CB518B552B3247DC009F2E66 /* UIContentConfiguration+Stateless.swift in Sources */ = {isa = PBXBuildFile; fileRef = CB518B542B3247DC009F2E66 /* UIContentConfiguration+Stateless.swift */; };
		CB59C20B2B1C405B008F7FC0 /* Reminder.swift in Sources */ = {isa = PBXBuildFile; fileRef = CB59C20A2B1C405B008F7FC0 /* Reminder.swift */; };
		CB8ABA1B2B1A943E00919DAC /* AppDelegate.swift in Sources */ = {isa = PBXBuildFile; fileRef = CB8ABA1A2B1A943E00919DAC /* AppDelegate.swift */; };
		CB8ABA1D2B1A943E00919DAC /* SceneDelegate.swift in Sources */ = {isa = PBXBuildFile; fileRef = CB8ABA1C2B1A943E00919DAC /* SceneDelegate.swift */; };
		CB8ABA1F2B1A943E00919DAC /* ReminderListViewController.swift in Sources */ = {isa = PBXBuildFile; fileRef = CB8ABA1E2B1A943E00919DAC /* ReminderListViewController.swift */; };
		CB8ABA222B1A943E00919DAC /* Main.storyboard in Resources */ = {isa = PBXBuildFile; fileRef = CB8ABA202B1A943E00919DAC /* Main.storyboard */; };
		CB8ABA242B1A943F00919DAC /* Assets.xcassets in Resources */ = {isa = PBXBuildFile; fileRef = CB8ABA232B1A943F00919DAC /* Assets.xcassets */; };
		CB8ABA272B1A943F00919DAC /* LaunchScreen.storyboard in Resources */ = {isa = PBXBuildFile; fileRef = CB8ABA252B1A943F00919DAC /* LaunchScreen.storyboard */; };
		CB8ABA322B1A943F00919DAC /* TodayTests.swift in Sources */ = {isa = PBXBuildFile; fileRef = CB8ABA312B1A943F00919DAC /* TodayTests.swift */; };
		CB8ABA3C2B1A943F00919DAC /* TodayUITests.swift in Sources */ = {isa = PBXBuildFile; fileRef = CB8ABA3B2B1A943F00919DAC /* TodayUITests.swift */; };
		CB8ABA3E2B1A943F00919DAC /* TodayUITestsLaunchTests.swift in Sources */ = {isa = PBXBuildFile; fileRef = CB8ABA3D2B1A943F00919DAC /* TodayUITestsLaunchTests.swift */; };
		CBA900682B2EC309000C2A64 /* ReminderViewController+CellConfiguration.swift in Sources */ = {isa = PBXBuildFile; fileRef = CBA900672B2EC309000C2A64 /* ReminderViewController+CellConfiguration.swift */; };
		CBA9006B2B2EC583000C2A64 /* UIView+PinnedSubview.swift in Sources */ = {isa = PBXBuildFile; fileRef = CBA9006A2B2EC583000C2A64 /* UIView+PinnedSubview.swift */; };
		CBB896C52B1EF88900EFC059 /* ReminderListViewController+DataSource.swift in Sources */ = {isa = PBXBuildFile; fileRef = CBB896C42B1EF88900EFC059 /* ReminderListViewController+DataSource.swift */; };
		CBC00B8E2B243D5D00645A21 /* ReminderViewController.swift in Sources */ = {isa = PBXBuildFile; fileRef = CBC00B8D2B243D5D00645A21 /* ReminderViewController.swift */; };
		CBC00B912B243F7A00645A21 /* ReminderViewController+Row.swift in Sources */ = {isa = PBXBuildFile; fileRef = CBC00B902B243F7A00645A21 /* ReminderViewController+Row.swift */; };
		CBF60C2C2B3394C000A42AA9 /* TextViewContentView.swift in Sources */ = {isa = PBXBuildFile; fileRef = CBF60C2B2B3394C000A42AA9 /* TextViewContentView.swift */; };
		CBF60C2E2B33979200A42AA9 /* DatePickerContentView.swift in Sources */ = {isa = PBXBuildFile; fileRef = CBF60C2D2B33979200A42AA9 /* DatePickerContentView.swift */; };
/* End PBXBuildFile section */

/* Begin PBXContainerItemProxy section */
		CB8ABA2E2B1A943F00919DAC /* PBXContainerItemProxy */ = {
			isa = PBXContainerItemProxy;
			containerPortal = CB8ABA0F2B1A943E00919DAC /* Project object */;
			proxyType = 1;
			remoteGlobalIDString = CB8ABA162B1A943E00919DAC;
			remoteInfo = Today;
		};
		CB8ABA382B1A943F00919DAC /* PBXContainerItemProxy */ = {
			isa = PBXContainerItemProxy;
			containerPortal = CB8ABA0F2B1A943E00919DAC /* Project object */;
			proxyType = 1;
			remoteGlobalIDString = CB8ABA162B1A943E00919DAC;
			remoteInfo = Today;
		};
/* End PBXContainerItemProxy section */

/* Begin PBXFileReference section */
		CB2010BB2B2C27B3004954C1 /* ReminderViewController+Section.swift */ = {isa = PBXFileReference; lastKnownFileType = sourcecode.swift; path = "ReminderViewController+Section.swift"; sourceTree = "<group>"; };
		CB22FD2A2B1DB64E0063735B /* Date+Today.swift */ = {isa = PBXFileReference; lastKnownFileType = sourcecode.swift; path = "Date+Today.swift"; sourceTree = "<group>"; };
		CB22FD2C2B1DB69F0063735B /* UIColor+Today.swift */ = {isa = PBXFileReference; lastKnownFileType = sourcecode.swift; path = "UIColor+Today.swift"; sourceTree = "<group>"; };
		CB36B2DA2B22E8BE00E8B6C7 /* ReminderDoneButton.swift */ = {isa = PBXFileReference; lastKnownFileType = sourcecode.swift; path = ReminderDoneButton.swift; sourceTree = "<group>"; };
		CB36B2DC2B22E99000E8B6C7 /* ReminderListViewController+Actions.swift */ = {isa = PBXFileReference; lastKnownFileType = sourcecode.swift; path = "ReminderListViewController+Actions.swift"; sourceTree = "<group>"; };
		CB518B522B324605009F2E66 /* TextFieldContentView.swift */ = {isa = PBXFileReference; lastKnownFileType = sourcecode.swift; path = TextFieldContentView.swift; sourceTree = "<group>"; };
		CB518B542B3247DC009F2E66 /* UIContentConfiguration+Stateless.swift */ = {isa = PBXFileReference; lastKnownFileType = sourcecode.swift; path = "UIContentConfiguration+Stateless.swift"; sourceTree = "<group>"; };
		CB59C20A2B1C405B008F7FC0 /* Reminder.swift */ = {isa = PBXFileReference; lastKnownFileType = sourcecode.swift; path = Reminder.swift; sourceTree = "<group>"; };
		CB8ABA172B1A943E00919DAC /* Today.app */ = {isa = PBXFileReference; explicitFileType = wrapper.application; includeInIndex = 0; path = Today.app; sourceTree = BUILT_PRODUCTS_DIR; };
		CB8ABA1A2B1A943E00919DAC /* AppDelegate.swift */ = {isa = PBXFileReference; lastKnownFileType = sourcecode.swift; path = AppDelegate.swift; sourceTree = "<group>"; };
		CB8ABA1C2B1A943E00919DAC /* SceneDelegate.swift */ = {isa = PBXFileReference; lastKnownFileType = sourcecode.swift; path = SceneDelegate.swift; sourceTree = "<group>"; };
		CB8ABA1E2B1A943E00919DAC /* ReminderListViewController.swift */ = {isa = PBXFileReference; lastKnownFileType = sourcecode.swift; path = ReminderListViewController.swift; sourceTree = "<group>"; };
		CB8ABA212B1A943E00919DAC /* Base */ = {isa = PBXFileReference; lastKnownFileType = file.storyboard; name = Base; path = Base.lproj/Main.storyboard; sourceTree = "<group>"; };
		CB8ABA232B1A943F00919DAC /* Assets.xcassets */ = {isa = PBXFileReference; lastKnownFileType = folder.assetcatalog; path = Assets.xcassets; sourceTree = "<group>"; };
		CB8ABA262B1A943F00919DAC /* Base */ = {isa = PBXFileReference; lastKnownFileType = file.storyboard; name = Base; path = Base.lproj/LaunchScreen.storyboard; sourceTree = "<group>"; };
		CB8ABA282B1A943F00919DAC /* Info.plist */ = {isa = PBXFileReference; lastKnownFileType = text.plist.xml; path = Info.plist; sourceTree = "<group>"; };
		CB8ABA2D2B1A943F00919DAC /* TodayTests.xctest */ = {isa = PBXFileReference; explicitFileType = wrapper.cfbundle; includeInIndex = 0; path = TodayTests.xctest; sourceTree = BUILT_PRODUCTS_DIR; };
		CB8ABA312B1A943F00919DAC /* TodayTests.swift */ = {isa = PBXFileReference; lastKnownFileType = sourcecode.swift; path = TodayTests.swift; sourceTree = "<group>"; };
		CB8ABA372B1A943F00919DAC /* TodayUITests.xctest */ = {isa = PBXFileReference; explicitFileType = wrapper.cfbundle; includeInIndex = 0; path = TodayUITests.xctest; sourceTree = BUILT_PRODUCTS_DIR; };
		CB8ABA3B2B1A943F00919DAC /* TodayUITests.swift */ = {isa = PBXFileReference; lastKnownFileType = sourcecode.swift; path = TodayUITests.swift; sourceTree = "<group>"; };
		CB8ABA3D2B1A943F00919DAC /* TodayUITestsLaunchTests.swift */ = {isa = PBXFileReference; lastKnownFileType = sourcecode.swift; path = TodayUITestsLaunchTests.swift; sourceTree = "<group>"; };
		CBA900672B2EC309000C2A64 /* ReminderViewController+CellConfiguration.swift */ = {isa = PBXFileReference; lastKnownFileType = sourcecode.swift; path = "ReminderViewController+CellConfiguration.swift"; sourceTree = "<group>"; };
		CBA9006A2B2EC583000C2A64 /* UIView+PinnedSubview.swift */ = {isa = PBXFileReference; lastKnownFileType = sourcecode.swift; path = "UIView+PinnedSubview.swift"; sourceTree = "<group>"; };
		CBB896C42B1EF88900EFC059 /* ReminderListViewController+DataSource.swift */ = {isa = PBXFileReference; lastKnownFileType = sourcecode.swift; path = "ReminderListViewController+DataSource.swift"; sourceTree = "<group>"; };
		CBC00B8D2B243D5D00645A21 /* ReminderViewController.swift */ = {isa = PBXFileReference; lastKnownFileType = sourcecode.swift; path = ReminderViewController.swift; sourceTree = "<group>"; };
		CBC00B902B243F7A00645A21 /* ReminderViewController+Row.swift */ = {isa = PBXFileReference; lastKnownFileType = sourcecode.swift; path = "ReminderViewController+Row.swift"; sourceTree = "<group>"; };
		CBF60C2B2B3394C000A42AA9 /* TextViewContentView.swift */ = {isa = PBXFileReference; lastKnownFileType = sourcecode.swift; path = TextViewContentView.swift; sourceTree = "<group>"; };
		CBF60C2D2B33979200A42AA9 /* DatePickerContentView.swift */ = {isa = PBXFileReference; lastKnownFileType = sourcecode.swift; path = DatePickerContentView.swift; sourceTree = "<group>"; };
/* End PBXFileReference section */

/* Begin PBXFrameworksBuildPhase section */
		CB8ABA142B1A943E00919DAC /* Frameworks */ = {
			isa = PBXFrameworksBuildPhase;
			buildActionMask = 2147483647;
			files = (
			);
			runOnlyForDeploymentPostprocessing = 0;
		};
		CB8ABA2A2B1A943F00919DAC /* Frameworks */ = {
			isa = PBXFrameworksBuildPhase;
			buildActionMask = 2147483647;
			files = (
			);
			runOnlyForDeploymentPostprocessing = 0;
		};
		CB8ABA342B1A943F00919DAC /* Frameworks */ = {
			isa = PBXFrameworksBuildPhase;
			buildActionMask = 2147483647;
			files = (
			);
			runOnlyForDeploymentPostprocessing = 0;
		};
/* End PBXFrameworksBuildPhase section */

/* Begin PBXGroup section */
		CB59C2092B1C4035008F7FC0 /* Models */ = {
			isa = PBXGroup;
			children = (
				CB59C20A2B1C405B008F7FC0 /* Reminder.swift */,
				CB22FD2A2B1DB64E0063735B /* Date+Today.swift */,
				CB22FD2C2B1DB69F0063735B /* UIColor+Today.swift */,
			);
			path = Models;
			sourceTree = "<group>";
		};
		CB8ABA0E2B1A943E00919DAC = {
			isa = PBXGroup;
			children = (
				CB8ABA192B1A943E00919DAC /* Today */,
				CB8ABA302B1A943F00919DAC /* TodayTests */,
				CB8ABA3A2B1A943F00919DAC /* TodayUITests */,
				CB8ABA182B1A943E00919DAC /* Products */,
			);
			sourceTree = "<group>";
		};
		CB8ABA182B1A943E00919DAC /* Products */ = {
			isa = PBXGroup;
			children = (
				CB8ABA172B1A943E00919DAC /* Today.app */,
				CB8ABA2D2B1A943F00919DAC /* TodayTests.xctest */,
				CB8ABA372B1A943F00919DAC /* TodayUITests.xctest */,
			);
			name = Products;
			sourceTree = "<group>";
		};
		CB8ABA192B1A943E00919DAC /* Today */ = {
			isa = PBXGroup;
			children = (
				CB59C2092B1C4035008F7FC0 /* Models */,
				CB8ABA1A2B1A943E00919DAC /* AppDelegate.swift */,
				CB8ABA1C2B1A943E00919DAC /* SceneDelegate.swift */,
				CBA900692B2EC53A000C2A64 /* ContentViews */,
				CBC00B8F2B243F5100645A21 /* DetailVIewController */,
				CBB896C32B1EF85300EFC059 /* ListViewController */,
				CB8ABA202B1A943E00919DAC /* Main.storyboard */,
				CB8ABA232B1A943F00919DAC /* Assets.xcassets */,
				CB8ABA252B1A943F00919DAC /* LaunchScreen.storyboard */,
				CB8ABA282B1A943F00919DAC /* Info.plist */,
			);
			path = Today;
			sourceTree = "<group>";
		};
		CB8ABA302B1A943F00919DAC /* TodayTests */ = {
			isa = PBXGroup;
			children = (
				CB8ABA312B1A943F00919DAC /* TodayTests.swift */,
			);
			path = TodayTests;
			sourceTree = "<group>";
		};
		CB8ABA3A2B1A943F00919DAC /* TodayUITests */ = {
			isa = PBXGroup;
			children = (
				CB8ABA3B2B1A943F00919DAC /* TodayUITests.swift */,
				CB8ABA3D2B1A943F00919DAC /* TodayUITestsLaunchTests.swift */,
			);
			path = TodayUITests;
			sourceTree = "<group>";
		};
		CBA900692B2EC53A000C2A64 /* ContentViews */ = {
			isa = PBXGroup;
			children = (
				CBA9006A2B2EC583000C2A64 /* UIView+PinnedSubview.swift */,
				CB518B522B324605009F2E66 /* TextFieldContentView.swift */,
				CB518B542B3247DC009F2E66 /* UIContentConfiguration+Stateless.swift */,
				CBF60C2B2B3394C000A42AA9 /* TextViewContentView.swift */,
				CBF60C2D2B33979200A42AA9 /* DatePickerContentView.swift */,
			);
			path = ContentViews;
			sourceTree = "<group>";
		};
		CBB896C32B1EF85300EFC059 /* ListViewController */ = {
			isa = PBXGroup;
			children = (
				CB8ABA1E2B1A943E00919DAC /* ReminderListViewController.swift */,
				CBB896C42B1EF88900EFC059 /* ReminderListViewController+DataSource.swift */,
				CB36B2DA2B22E8BE00E8B6C7 /* ReminderDoneButton.swift */,
				CB36B2DC2B22E99000E8B6C7 /* ReminderListViewController+Actions.swift */,
			);
			path = ListViewController;
			sourceTree = "<group>";
		};
		CBC00B8F2B243F5100645A21 /* DetailVIewController */ = {
			isa = PBXGroup;
			children = (
				CBC00B8D2B243D5D00645A21 /* ReminderViewController.swift */,
				CBC00B902B243F7A00645A21 /* ReminderViewController+Row.swift */,
				CB2010BB2B2C27B3004954C1 /* ReminderViewController+Section.swift */,
				CBA900672B2EC309000C2A64 /* ReminderViewController+CellConfiguration.swift */,
			);
			path = DetailVIewController;
			sourceTree = "<group>";
		};
/* End PBXGroup section */

/* Begin PBXNativeTarget section */
		CB8ABA162B1A943E00919DAC /* Today */ = {
			isa = PBXNativeTarget;
			buildConfigurationList = CB8ABA412B1A943F00919DAC /* Build configuration list for PBXNativeTarget "Today" */;
			buildPhases = (
				CB8ABA132B1A943E00919DAC /* Sources */,
				CB8ABA142B1A943E00919DAC /* Frameworks */,
				CB8ABA152B1A943E00919DAC /* Resources */,
			);
			buildRules = (
			);
			dependencies = (
			);
			name = Today;
			productName = Today;
			productReference = CB8ABA172B1A943E00919DAC /* Today.app */;
			productType = "com.apple.product-type.application";
		};
		CB8ABA2C2B1A943F00919DAC /* TodayTests */ = {
			isa = PBXNativeTarget;
			buildConfigurationList = CB8ABA442B1A943F00919DAC /* Build configuration list for PBXNativeTarget "TodayTests" */;
			buildPhases = (
				CB8ABA292B1A943F00919DAC /* Sources */,
				CB8ABA2A2B1A943F00919DAC /* Frameworks */,
				CB8ABA2B2B1A943F00919DAC /* Resources */,
			);
			buildRules = (
			);
			dependencies = (
				CB8ABA2F2B1A943F00919DAC /* PBXTargetDependency */,
			);
			name = TodayTests;
			productName = TodayTests;
			productReference = CB8ABA2D2B1A943F00919DAC /* TodayTests.xctest */;
			productType = "com.apple.product-type.bundle.unit-test";
		};
		CB8ABA362B1A943F00919DAC /* TodayUITests */ = {
			isa = PBXNativeTarget;
			buildConfigurationList = CB8ABA472B1A943F00919DAC /* Build configuration list for PBXNativeTarget "TodayUITests" */;
			buildPhases = (
				CB8ABA332B1A943F00919DAC /* Sources */,
				CB8ABA342B1A943F00919DAC /* Frameworks */,
				CB8ABA352B1A943F00919DAC /* Resources */,
			);
			buildRules = (
			);
			dependencies = (
				CB8ABA392B1A943F00919DAC /* PBXTargetDependency */,
			);
			name = TodayUITests;
			productName = TodayUITests;
			productReference = CB8ABA372B1A943F00919DAC /* TodayUITests.xctest */;
			productType = "com.apple.product-type.bundle.ui-testing";
		};
/* End PBXNativeTarget section */

/* Begin PBXProject section */
		CB8ABA0F2B1A943E00919DAC /* Project object */ = {
			isa = PBXProject;
			attributes = {
				BuildIndependentTargetsInParallel = 1;
				LastSwiftUpdateCheck = 1500;
				LastUpgradeCheck = 1500;
				TargetAttributes = {
					CB8ABA162B1A943E00919DAC = {
						CreatedOnToolsVersion = 15.0.1;
					};
					CB8ABA2C2B1A943F00919DAC = {
						CreatedOnToolsVersion = 15.0.1;
						TestTargetID = CB8ABA162B1A943E00919DAC;
					};
					CB8ABA362B1A943F00919DAC = {
						CreatedOnToolsVersion = 15.0.1;
						TestTargetID = CB8ABA162B1A943E00919DAC;
					};
				};
			};
			buildConfigurationList = CB8ABA122B1A943E00919DAC /* Build configuration list for PBXProject "Today" */;
			compatibilityVersion = "Xcode 14.0";
			developmentRegion = en;
			hasScannedForEncodings = 0;
			knownRegions = (
				en,
				Base,
			);
			mainGroup = CB8ABA0E2B1A943E00919DAC;
			productRefGroup = CB8ABA182B1A943E00919DAC /* Products */;
			projectDirPath = "";
			projectRoot = "";
			targets = (
				CB8ABA162B1A943E00919DAC /* Today */,
				CB8ABA2C2B1A943F00919DAC /* TodayTests */,
				CB8ABA362B1A943F00919DAC /* TodayUITests */,
			);
		};
/* End PBXProject section */

/* Begin PBXResourcesBuildPhase section */
		CB8ABA152B1A943E00919DAC /* Resources */ = {
			isa = PBXResourcesBuildPhase;
			buildActionMask = 2147483647;
			files = (
				CB8ABA272B1A943F00919DAC /* LaunchScreen.storyboard in Resources */,
				CB8ABA242B1A943F00919DAC /* Assets.xcassets in Resources */,
				CB8ABA222B1A943E00919DAC /* Main.storyboard in Resources */,
			);
			runOnlyForDeploymentPostprocessing = 0;
		};
		CB8ABA2B2B1A943F00919DAC /* Resources */ = {
			isa = PBXResourcesBuildPhase;
			buildActionMask = 2147483647;
			files = (
			);
			runOnlyForDeploymentPostprocessing = 0;
		};
		CB8ABA352B1A943F00919DAC /* Resources */ = {
			isa = PBXResourcesBuildPhase;
			buildActionMask = 2147483647;
			files = (
			);
			runOnlyForDeploymentPostprocessing = 0;
		};
/* End PBXResourcesBuildPhase section */

/* Begin PBXSourcesBuildPhase section */
		CB8ABA132B1A943E00919DAC /* Sources */ = {
			isa = PBXSourcesBuildPhase;
			buildActionMask = 2147483647;
			files = (
				CBA9006B2B2EC583000C2A64 /* UIView+PinnedSubview.swift in Sources */,
				CB2010BC2B2C27B3004954C1 /* ReminderViewController+Section.swift in Sources */,
				CBF60C2E2B33979200A42AA9 /* DatePickerContentView.swift in Sources */,
				CB8ABA1F2B1A943E00919DAC /* ReminderListViewController.swift in Sources */,
				CB36B2DD2B22E99000E8B6C7 /* ReminderListViewController+Actions.swift in Sources */,
				CBC00B8E2B243D5D00645A21 /* ReminderViewController.swift in Sources */,
				CB518B552B3247DC009F2E66 /* UIContentConfiguration+Stateless.swift in Sources */,
				CB22FD2B2B1DB64E0063735B /* Date+Today.swift in Sources */,
				CB8ABA1B2B1A943E00919DAC /* AppDelegate.swift in Sources */,
				CB518B532B324605009F2E66 /* TextFieldContentView.swift in Sources */,
				CBF60C2C2B3394C000A42AA9 /* TextViewContentView.swift in Sources */,
				CBC00B912B243F7A00645A21 /* ReminderViewController+Row.swift in Sources */,
				CB36B2DB2B22E8BE00E8B6C7 /* ReminderDoneButton.swift in Sources */,
				CB8ABA1D2B1A943E00919DAC /* SceneDelegate.swift in Sources */,
				CBA900682B2EC309000C2A64 /* ReminderViewController+CellConfiguration.swift in Sources */,
				CBB896C52B1EF88900EFC059 /* ReminderListViewController+DataSource.swift in Sources */,
				CB59C20B2B1C405B008F7FC0 /* Reminder.swift in Sources */,
				CB22FD2D2B1DB69F0063735B /* UIColor+Today.swift in Sources */,
			);
			runOnlyForDeploymentPostprocessing = 0;
		};
		CB8ABA292B1A943F00919DAC /* Sources */ = {
			isa = PBXSourcesBuildPhase;
			buildActionMask = 2147483647;
			files = (
				CB8ABA322B1A943F00919DAC /* TodayTests.swift in Sources */,
			);
			runOnlyForDeploymentPostprocessing = 0;
		};
		CB8ABA332B1A943F00919DAC /* Sources */ = {
			isa = PBXSourcesBuildPhase;
			buildActionMask = 2147483647;
			files = (
				CB8ABA3E2B1A943F00919DAC /* TodayUITestsLaunchTests.swift in Sources */,
				CB8ABA3C2B1A943F00919DAC /* TodayUITests.swift in Sources */,
			);
			runOnlyForDeploymentPostprocessing = 0;
		};
/* End PBXSourcesBuildPhase section */

/* Begin PBXTargetDependency section */
		CB8ABA2F2B1A943F00919DAC /* PBXTargetDependency */ = {
			isa = PBXTargetDependency;
			target = CB8ABA162B1A943E00919DAC /* Today */;
			targetProxy = CB8ABA2E2B1A943F00919DAC /* PBXContainerItemProxy */;
		};
		CB8ABA392B1A943F00919DAC /* PBXTargetDependency */ = {
			isa = PBXTargetDependency;
			target = CB8ABA162B1A943E00919DAC /* Today */;
			targetProxy = CB8ABA382B1A943F00919DAC /* PBXContainerItemProxy */;
		};
/* End PBXTargetDependency section */

/* Begin PBXVariantGroup section */
		CB8ABA202B1A943E00919DAC /* Main.storyboard */ = {
			isa = PBXVariantGroup;
			children = (
				CB8ABA212B1A943E00919DAC /* Base */,
			);
			name = Main.storyboard;
			sourceTree = "<group>";
		};
		CB8ABA252B1A943F00919DAC /* LaunchScreen.storyboard */ = {
			isa = PBXVariantGroup;
			children = (
				CB8ABA262B1A943F00919DAC /* Base */,
			);
			name = LaunchScreen.storyboard;
			sourceTree = "<group>";
		};
/* End PBXVariantGroup section */

/* Begin XCBuildConfiguration section */
		CB8ABA3F2B1A943F00919DAC /* Debug */ = {
			isa = XCBuildConfiguration;
			buildSettings = {
				ALWAYS_SEARCH_USER_PATHS = NO;
				ASSETCATALOG_COMPILER_GENERATE_SWIFT_ASSET_SYMBOL_EXTENSIONS = YES;
				CLANG_ANALYZER_NONNULL = YES;
				CLANG_ANALYZER_NUMBER_OBJECT_CONVERSION = YES_AGGRESSIVE;
				CLANG_CXX_LANGUAGE_STANDARD = "gnu++20";
				CLANG_ENABLE_MODULES = YES;
				CLANG_ENABLE_OBJC_ARC = YES;
				CLANG_ENABLE_OBJC_WEAK = YES;
				CLANG_WARN_BLOCK_CAPTURE_AUTORELEASING = YES;
				CLANG_WARN_BOOL_CONVERSION = YES;
				CLANG_WARN_COMMA = YES;
				CLANG_WARN_CONSTANT_CONVERSION = YES;
				CLANG_WARN_DEPRECATED_OBJC_IMPLEMENTATIONS = YES;
				CLANG_WARN_DIRECT_OBJC_ISA_USAGE = YES_ERROR;
				CLANG_WARN_DOCUMENTATION_COMMENTS = YES;
				CLANG_WARN_EMPTY_BODY = YES;
				CLANG_WARN_ENUM_CONVERSION = YES;
				CLANG_WARN_INFINITE_RECURSION = YES;
				CLANG_WARN_INT_CONVERSION = YES;
				CLANG_WARN_NON_LITERAL_NULL_CONVERSION = YES;
				CLANG_WARN_OBJC_IMPLICIT_RETAIN_SELF = YES;
				CLANG_WARN_OBJC_LITERAL_CONVERSION = YES;
				CLANG_WARN_OBJC_ROOT_CLASS = YES_ERROR;
				CLANG_WARN_QUOTED_INCLUDE_IN_FRAMEWORK_HEADER = YES;
				CLANG_WARN_RANGE_LOOP_ANALYSIS = YES;
				CLANG_WARN_STRICT_PROTOTYPES = YES;
				CLANG_WARN_SUSPICIOUS_MOVE = YES;
				CLANG_WARN_UNGUARDED_AVAILABILITY = YES_AGGRESSIVE;
				CLANG_WARN_UNREACHABLE_CODE = YES;
				CLANG_WARN__DUPLICATE_METHOD_MATCH = YES;
				COPY_PHASE_STRIP = NO;
				DEBUG_INFORMATION_FORMAT = dwarf;
				ENABLE_STRICT_OBJC_MSGSEND = YES;
				ENABLE_TESTABILITY = YES;
				ENABLE_USER_SCRIPT_SANDBOXING = YES;
				GCC_C_LANGUAGE_STANDARD = gnu17;
				GCC_DYNAMIC_NO_PIC = NO;
				GCC_NO_COMMON_BLOCKS = YES;
				GCC_OPTIMIZATION_LEVEL = 0;
				GCC_PREPROCESSOR_DEFINITIONS = (
					"DEBUG=1",
					"$(inherited)",
				);
				GCC_WARN_64_TO_32_BIT_CONVERSION = YES;
				GCC_WARN_ABOUT_RETURN_TYPE = YES_ERROR;
				GCC_WARN_UNDECLARED_SELECTOR = YES;
				GCC_WARN_UNINITIALIZED_AUTOS = YES_AGGRESSIVE;
				GCC_WARN_UNUSED_FUNCTION = YES;
				GCC_WARN_UNUSED_VARIABLE = YES;
				IPHONEOS_DEPLOYMENT_TARGET = 17.0;
				LOCALIZATION_PREFERS_STRING_CATALOGS = YES;
				MTL_ENABLE_DEBUG_INFO = INCLUDE_SOURCE;
				MTL_FAST_MATH = YES;
				ONLY_ACTIVE_ARCH = YES;
				SDKROOT = iphoneos;
				SWIFT_ACTIVE_COMPILATION_CONDITIONS = "DEBUG $(inherited)";
				SWIFT_OPTIMIZATION_LEVEL = "-Onone";
			};
			name = Debug;
		};
		CB8ABA402B1A943F00919DAC /* Release */ = {
			isa = XCBuildConfiguration;
			buildSettings = {
				ALWAYS_SEARCH_USER_PATHS = NO;
				ASSETCATALOG_COMPILER_GENERATE_SWIFT_ASSET_SYMBOL_EXTENSIONS = YES;
				CLANG_ANALYZER_NONNULL = YES;
				CLANG_ANALYZER_NUMBER_OBJECT_CONVERSION = YES_AGGRESSIVE;
				CLANG_CXX_LANGUAGE_STANDARD = "gnu++20";
				CLANG_ENABLE_MODULES = YES;
				CLANG_ENABLE_OBJC_ARC = YES;
				CLANG_ENABLE_OBJC_WEAK = YES;
				CLANG_WARN_BLOCK_CAPTURE_AUTORELEASING = YES;
				CLANG_WARN_BOOL_CONVERSION = YES;
				CLANG_WARN_COMMA = YES;
				CLANG_WARN_CONSTANT_CONVERSION = YES;
				CLANG_WARN_DEPRECATED_OBJC_IMPLEMENTATIONS = YES;
				CLANG_WARN_DIRECT_OBJC_ISA_USAGE = YES_ERROR;
				CLANG_WARN_DOCUMENTATION_COMMENTS = YES;
				CLANG_WARN_EMPTY_BODY = YES;
				CLANG_WARN_ENUM_CONVERSION = YES;
				CLANG_WARN_INFINITE_RECURSION = YES;
				CLANG_WARN_INT_CONVERSION = YES;
				CLANG_WARN_NON_LITERAL_NULL_CONVERSION = YES;
				CLANG_WARN_OBJC_IMPLICIT_RETAIN_SELF = YES;
				CLANG_WARN_OBJC_LITERAL_CONVERSION = YES;
				CLANG_WARN_OBJC_ROOT_CLASS = YES_ERROR;
				CLANG_WARN_QUOTED_INCLUDE_IN_FRAMEWORK_HEADER = YES;
				CLANG_WARN_RANGE_LOOP_ANALYSIS = YES;
				CLANG_WARN_STRICT_PROTOTYPES = YES;
				CLANG_WARN_SUSPICIOUS_MOVE = YES;
				CLANG_WARN_UNGUARDED_AVAILABILITY = YES_AGGRESSIVE;
				CLANG_WARN_UNREACHABLE_CODE = YES;
				CLANG_WARN__DUPLICATE_METHOD_MATCH = YES;
				COPY_PHASE_STRIP = NO;
				DEBUG_INFORMATION_FORMAT = "dwarf-with-dsym";
				ENABLE_NS_ASSERTIONS = NO;
				ENABLE_STRICT_OBJC_MSGSEND = YES;
				ENABLE_USER_SCRIPT_SANDBOXING = YES;
				GCC_C_LANGUAGE_STANDARD = gnu17;
				GCC_NO_COMMON_BLOCKS = YES;
				GCC_WARN_64_TO_32_BIT_CONVERSION = YES;
				GCC_WARN_ABOUT_RETURN_TYPE = YES_ERROR;
				GCC_WARN_UNDECLARED_SELECTOR = YES;
				GCC_WARN_UNINITIALIZED_AUTOS = YES_AGGRESSIVE;
				GCC_WARN_UNUSED_FUNCTION = YES;
				GCC_WARN_UNUSED_VARIABLE = YES;
				IPHONEOS_DEPLOYMENT_TARGET = 17.0;
				LOCALIZATION_PREFERS_STRING_CATALOGS = YES;
				MTL_ENABLE_DEBUG_INFO = NO;
				MTL_FAST_MATH = YES;
				SDKROOT = iphoneos;
				SWIFT_COMPILATION_MODE = wholemodule;
				VALIDATE_PRODUCT = YES;
			};
			name = Release;
		};
		CB8ABA422B1A943F00919DAC /* Debug */ = {
			isa = XCBuildConfiguration;
			buildSettings = {
				ASSETCATALOG_COMPILER_APPICON_NAME = AppIcon;
				ASSETCATALOG_COMPILER_GLOBAL_ACCENT_COLOR_NAME = AccentColor;
				CODE_SIGN_STYLE = Automatic;
				CURRENT_PROJECT_VERSION = 1;
				GENERATE_INFOPLIST_FILE = YES;
				INFOPLIST_FILE = Today/Info.plist;
				INFOPLIST_KEY_UIApplicationSupportsIndirectInputEvents = YES;
				INFOPLIST_KEY_UILaunchStoryboardName = LaunchScreen;
				INFOPLIST_KEY_UIMainStoryboardFile = Main;
				INFOPLIST_KEY_UISupportedInterfaceOrientations_iPad = "UIInterfaceOrientationPortrait UIInterfaceOrientationPortraitUpsideDown UIInterfaceOrientationLandscapeLeft UIInterfaceOrientationLandscapeRight";
				INFOPLIST_KEY_UISupportedInterfaceOrientations_iPhone = "UIInterfaceOrientationPortrait UIInterfaceOrientationLandscapeLeft UIInterfaceOrientationLandscapeRight";
				LD_RUNPATH_SEARCH_PATHS = (
					"$(inherited)",
					"@executable_path/Frameworks",
				);
				MARKETING_VERSION = 1.0;
				PRODUCT_BUNDLE_IDENTIFIER = com.devarcher.Today;
				PRODUCT_NAME = "$(TARGET_NAME)";
				SWIFT_EMIT_LOC_STRINGS = YES;
				SWIFT_VERSION = 5.0;
				TARGETED_DEVICE_FAMILY = "1,2";
			};
			name = Debug;
		};
		CB8ABA432B1A943F00919DAC /* Release */ = {
			isa = XCBuildConfiguration;
			buildSettings = {
				ASSETCATALOG_COMPILER_APPICON_NAME = AppIcon;
				ASSETCATALOG_COMPILER_GLOBAL_ACCENT_COLOR_NAME = AccentColor;
				CODE_SIGN_STYLE = Automatic;
				CURRENT_PROJECT_VERSION = 1;
				GENERATE_INFOPLIST_FILE = YES;
				INFOPLIST_FILE = Today/Info.plist;
				INFOPLIST_KEY_UIApplicationSupportsIndirectInputEvents = YES;
				INFOPLIST_KEY_UILaunchStoryboardName = LaunchScreen;
				INFOPLIST_KEY_UIMainStoryboardFile = Main;
				INFOPLIST_KEY_UISupportedInterfaceOrientations_iPad = "UIInterfaceOrientationPortrait UIInterfaceOrientationPortraitUpsideDown UIInterfaceOrientationLandscapeLeft UIInterfaceOrientationLandscapeRight";
				INFOPLIST_KEY_UISupportedInterfaceOrientations_iPhone = "UIInterfaceOrientationPortrait UIInterfaceOrientationLandscapeLeft UIInterfaceOrientationLandscapeRight";
				LD_RUNPATH_SEARCH_PATHS = (
					"$(inherited)",
					"@executable_path/Frameworks",
				);
				MARKETING_VERSION = 1.0;
				PRODUCT_BUNDLE_IDENTIFIER = com.devarcher.Today;
				PRODUCT_NAME = "$(TARGET_NAME)";
				SWIFT_EMIT_LOC_STRINGS = YES;
				SWIFT_VERSION = 5.0;
				TARGETED_DEVICE_FAMILY = "1,2";
			};
			name = Release;
		};
		CB8ABA452B1A943F00919DAC /* Debug */ = {
			isa = XCBuildConfiguration;
			buildSettings = {
				ALWAYS_EMBED_SWIFT_STANDARD_LIBRARIES = YES;
				BUNDLE_LOADER = "$(TEST_HOST)";
				CODE_SIGN_STYLE = Automatic;
				CURRENT_PROJECT_VERSION = 1;
				GENERATE_INFOPLIST_FILE = YES;
				IPHONEOS_DEPLOYMENT_TARGET = 17.0;
				MARKETING_VERSION = 1.0;
				PRODUCT_BUNDLE_IDENTIFIER = com.devarcher.TodayTests;
				PRODUCT_NAME = "$(TARGET_NAME)";
				SWIFT_EMIT_LOC_STRINGS = NO;
				SWIFT_VERSION = 5.0;
				TARGETED_DEVICE_FAMILY = "1,2";
				TEST_HOST = "$(BUILT_PRODUCTS_DIR)/Today.app/$(BUNDLE_EXECUTABLE_FOLDER_PATH)/Today";
			};
			name = Debug;
		};
		CB8ABA462B1A943F00919DAC /* Release */ = {
			isa = XCBuildConfiguration;
			buildSettings = {
				ALWAYS_EMBED_SWIFT_STANDARD_LIBRARIES = YES;
				BUNDLE_LOADER = "$(TEST_HOST)";
				CODE_SIGN_STYLE = Automatic;
				CURRENT_PROJECT_VERSION = 1;
				GENERATE_INFOPLIST_FILE = YES;
				IPHONEOS_DEPLOYMENT_TARGET = 17.0;
				MARKETING_VERSION = 1.0;
				PRODUCT_BUNDLE_IDENTIFIER = com.devarcher.TodayTests;
				PRODUCT_NAME = "$(TARGET_NAME)";
				SWIFT_EMIT_LOC_STRINGS = NO;
				SWIFT_VERSION = 5.0;
				TARGETED_DEVICE_FAMILY = "1,2";
				TEST_HOST = "$(BUILT_PRODUCTS_DIR)/Today.app/$(BUNDLE_EXECUTABLE_FOLDER_PATH)/Today";
			};
			name = Release;
		};
		CB8ABA482B1A943F00919DAC /* Debug */ = {
			isa = XCBuildConfiguration;
			buildSettings = {
				ALWAYS_EMBED_SWIFT_STANDARD_LIBRARIES = YES;
				CODE_SIGN_STYLE = Automatic;
				CURRENT_PROJECT_VERSION = 1;
				GENERATE_INFOPLIST_FILE = YES;
				MARKETING_VERSION = 1.0;
				PRODUCT_BUNDLE_IDENTIFIER = com.devarcher.TodayUITests;
				PRODUCT_NAME = "$(TARGET_NAME)";
				SWIFT_EMIT_LOC_STRINGS = NO;
				SWIFT_VERSION = 5.0;
				TARGETED_DEVICE_FAMILY = "1,2";
				TEST_TARGET_NAME = Today;
			};
			name = Debug;
		};
		CB8ABA492B1A943F00919DAC /* Release */ = {
			isa = XCBuildConfiguration;
			buildSettings = {
				ALWAYS_EMBED_SWIFT_STANDARD_LIBRARIES = YES;
				CODE_SIGN_STYLE = Automatic;
				CURRENT_PROJECT_VERSION = 1;
				GENERATE_INFOPLIST_FILE = YES;
				MARKETING_VERSION = 1.0;
				PRODUCT_BUNDLE_IDENTIFIER = com.devarcher.TodayUITests;
				PRODUCT_NAME = "$(TARGET_NAME)";
				SWIFT_EMIT_LOC_STRINGS = NO;
				SWIFT_VERSION = 5.0;
				TARGETED_DEVICE_FAMILY = "1,2";
				TEST_TARGET_NAME = Today;
			};
			name = Release;
		};
/* End XCBuildConfiguration section */

/* Begin XCConfigurationList section */
		CB8ABA122B1A943E00919DAC /* Build configuration list for PBXProject "Today" */ = {
			isa = XCConfigurationList;
			buildConfigurations = (
				CB8ABA3F2B1A943F00919DAC /* Debug */,
				CB8ABA402B1A943F00919DAC /* Release */,
			);
			defaultConfigurationIsVisible = 0;
			defaultConfigurationName = Release;
		};
		CB8ABA412B1A943F00919DAC /* Build configuration list for PBXNativeTarget "Today" */ = {
			isa = XCConfigurationList;
			buildConfigurations = (
				CB8ABA422B1A943F00919DAC /* Debug */,
				CB8ABA432B1A943F00919DAC /* Release */,
			);
			defaultConfigurationIsVisible = 0;
			defaultConfigurationName = Release;
		};
		CB8ABA442B1A943F00919DAC /* Build configuration list for PBXNativeTarget "TodayTests" */ = {
			isa = XCConfigurationList;
			buildConfigurations = (
				CB8ABA452B1A943F00919DAC /* Debug */,
				CB8ABA462B1A943F00919DAC /* Release */,
			);
			defaultConfigurationIsVisible = 0;
			defaultConfigurationName = Release;
		};
		CB8ABA472B1A943F00919DAC /* Build configuration list for PBXNativeTarget "TodayUITests" */ = {
			isa = XCConfigurationList;
			buildConfigurations = (
				CB8ABA482B1A943F00919DAC /* Debug */,
				CB8ABA492B1A943F00919DAC /* Release */,
			);
			defaultConfigurationIsVisible = 0;
			defaultConfigurationName = Release;
		};
/* End XCConfigurationList section */
	};
	rootObject = CB8ABA0F2B1A943E00919DAC /* Project object */;
}
